
Microsoft Visual Studio Solution File, Format Version 12.00
# Visual Studio 15
VisualStudioVersion = 15.0.27004.2009
MinimumVisualStudioVersion = 10.0.40219.1
Project("{FAE04EC0-301F-11D3-BF4B-00C04F79EFBC}") = "IfDemo", "IfDemo\IfDemo.csproj", "{7964AEF8-489C-4E04-ADCD-1F48CD9841CB}"
EndProject
Global
	GlobalSection(SolutionConfigurationPlatforms) = preSolution
		Debug|Any CPU = Debug|Any CPU
		Release|Any CPU = Release|Any CPU
	EndGlobalSection
	GlobalSection(ProjectConfigurationPlatforms) = postSolution
		{7964AEF8-489C-4E04-ADCD-1F48CD9841CB}.Debug|Any CPU.ActiveCfg = Debug|Any CPU
		{7964AEF8-489C-4E04-ADCD-1F48CD9841CB}.Debug|Any CPU.Build.0 = Debug|Any CPU
		{7964AEF8-489C-4E04-ADCD-1F48CD9841CB}.Release|Any CPU.ActiveCfg = Release|Any CPU
		{7964AEF8-489C-4E04-ADCD-1F48CD9841CB}.Release|Any CPU.Build.0 = Release|Any CPU
	EndGlobalSection
	GlobalSection(SolutionProperties) = preSolution
		HideSolutionNode = FALSE
	EndGlobalSection
	GlobalSection(ExtensibilityGlobals) = postSolution
		SolutionGuid = {8814636D-BA93-4210-9C06-2312305480AF}
	EndGlobalSection
EndGlobal
