
Microsoft Visual Studio Solution File, Format Version 12.00
# Visual Studio 15
VisualStudioVersion = 15.0.27004.2009
MinimumVisualStudioVersion = 10.0.40219.1
Project("{FAE04EC0-301F-11D3-BF4B-00C04F79EFBC}") = "Events", "Events\Events.csproj", "{8E59A1ED-00B0-460E-A7EF-5D6B220BCDFA}"
EndProject
Global
	GlobalSection(SolutionConfigurationPlatforms) = preSolution
		Debug|Any CPU = Debug|Any CPU
		Release|Any CPU = Release|Any CPU
	EndGlobalSection
	GlobalSection(ProjectConfigurationPlatforms) = postSolution
		{8E59A1ED-00B0-460E-A7EF-5D6B220BCDFA}.Debug|Any CPU.ActiveCfg = Debug|Any CPU
		{8E59A1ED-00B0-460E-A7EF-5D6B220BCDFA}.Debug|Any CPU.Build.0 = Debug|Any CPU
		{8E59A1ED-00B0-460E-A7EF-5D6B220BCDFA}.Release|Any CPU.ActiveCfg = Release|Any CPU
		{8E59A1ED-00B0-460E-A7EF-5D6B220BCDFA}.Release|Any CPU.Build.0 = Release|Any CPU
	EndGlobalSection
	GlobalSection(SolutionProperties) = preSolution
		HideSolutionNode = FALSE
	EndGlobalSection
	GlobalSection(ExtensibilityGlobals) = postSolution
		SolutionGuid = {4DA44691-938B-4BF8-ADAC-D488E8C9C7DE}
	EndGlobalSection
EndGlobal
